
Microsoft Visual Studio Solution File, Format Version 12.00
# Visual Studio Version 17
VisualStudioVersion = 17.0.31912.275
MinimumVisualStudioVersion = 10.0.40219.1
Project("{9A19103F-16F7-4668-BE54-9A1E7A4F7556}") = "SOCIS_API", "SOCIS_API\SOCIS_API.csproj", "{791BD283-8636-4756-AF28-E902EAC09864}"
EndProject
Project("{9A19103F-16F7-4668-BE54-9A1E7A4F7556}") = "HelpfulProjectCSharp", "..\HelpfulProjectCSharp\HelpfulProjectCSharp\HelpfulProjectCSharp.csproj", "{D4BD73C2-A80C-4F13-AB1E-A6A7AD2FBAC5}"
EndProject
Global
	GlobalSection(SolutionConfigurationPlatforms) = preSolution
		Debug|Any CPU = Debug|Any CPU
		Release|Any CPU = Release|Any CPU
	EndGlobalSection
	GlobalSection(ProjectConfigurationPlatforms) = postSolution
		{791BD283-8636-4756-AF28-E902EAC09864}.Debug|Any CPU.ActiveCfg = Debug|Any CPU
		{791BD283-8636-4756-AF28-E902EAC09864}.Debug|Any CPU.Build.0 = Debug|Any CPU
		{791BD283-8636-4756-AF28-E902EAC09864}.Release|Any CPU.ActiveCfg = Release|Any CPU
		{791BD283-8636-4756-AF28-E902EAC09864}.Release|Any CPU.Build.0 = Release|Any CPU
		{D4BD73C2-A80C-4F13-AB1E-A6A7AD2FBAC5}.Debug|Any CPU.ActiveCfg = Debug|Any CPU
		{D4BD73C2-A80C-4F13-AB1E-A6A7AD2FBAC5}.Debug|Any CPU.Build.0 = Debug|Any CPU
		{D4BD73C2-A80C-4F13-AB1E-A6A7AD2FBAC5}.Release|Any CPU.ActiveCfg = Release|Any CPU
		{D4BD73C2-A80C-4F13-AB1E-A6A7AD2FBAC5}.Release|Any CPU.Build.0 = Release|Any CPU
	EndGlobalSection
	GlobalSection(SolutionProperties) = preSolution
		HideSolutionNode = FALSE
	EndGlobalSection
	GlobalSection(ExtensibilityGlobals) = postSolution
		SolutionGuid = {A46D8C3D-7DD1-4AA4-9BB2-1DFAB8F256CC}
	EndGlobalSection
EndGlobal
